
Microsoft Visual Studio Solution File, Format Version 12.00
# Visual Studio 15
VisualStudioVersion = 15.0.28010.2003
MinimumVisualStudioVersion = 10.0.40219.1
Project("{FAE04EC0-301F-11D3-BF4B-00C04F79EFBC}") = "LocalSetup", "LocalSetup.csproj", "{A09C1A03-0A4F-4E5A-B614-678917364A4E}"
EndProject
Global
	GlobalSection(SolutionConfigurationPlatforms) = preSolution
		Debug|x86 = Debug|x86
	EndGlobalSection
	GlobalSection(ProjectConfigurationPlatforms) = postSolution
		{A09C1A03-0A4F-4E5A-B614-678917364A4E}.Debug|x86.ActiveCfg = Debug|x86
		{A09C1A03-0A4F-4E5A-B614-678917364A4E}.Debug|x86.Build.0 = Debug|x86
	EndGlobalSection
	GlobalSection(SolutionProperties) = preSolution
		HideSolutionNode = FALSE
	EndGlobalSection
	GlobalSection(ExtensibilityGlobals) = postSolution
		SolutionGuid = {D1FEC162-EA7B-4200-A022-45B682B8E265}
	EndGlobalSection
EndGlobal
